// !$*UTF8*$!
{
	archiveVersion = 1;
	classes = {
	};
	objectVersion = 46;
	objects = {

/* Begin PBXBuildFile section */
		B0BDE9421B3AF467004452AF /* ExampleData.xcdatamodeld in Sources */ = {isa = PBXBuildFile; fileRef = B0BDE9401B3AF467004452AF /* ExampleData.xcdatamodeld */; };
		B0BF12D61B34233F001A0AFA /* AppDelegate.swift in Sources */ = {isa = PBXBuildFile; fileRef = B0BF12D51B34233F001A0AFA /* AppDelegate.swift */; };
		B0BF12D81B34233F001A0AFA /* ViewController.swift in Sources */ = {isa = PBXBuildFile; fileRef = B0BF12D71B34233F001A0AFA /* ViewController.swift */; };
		B0BF12DB1B34233F001A0AFA /* Main.storyboard in Resources */ = {isa = PBXBuildFile; fileRef = B0BF12D91B34233F001A0AFA /* Main.storyboard */; };
		B0BF12DD1B34233F001A0AFA /* Images.xcassets in Resources */ = {isa = PBXBuildFile; fileRef = B0BF12DC1B34233F001A0AFA /* Images.xcassets */; };
		B0BF12E01B34233F001A0AFA /* LaunchScreen.xib in Resources */ = {isa = PBXBuildFile; fileRef = B0BF12DE1B34233F001A0AFA /* LaunchScreen.xib */; };
		B0BF12EC1B34233F001A0AFA /* SwiftTableViewControllerTests.swift in Sources */ = {isa = PBXBuildFile; fileRef = B0BF12EB1B34233F001A0AFA /* SwiftTableViewControllerTests.swift */; };
		B0BF12F61B342376001A0AFA /* TableViewDataSource.swift in Sources */ = {isa = PBXBuildFile; fileRef = B0BF12F51B342376001A0AFA /* TableViewDataSource.swift */; };
		B0BF12F81B3427AC001A0AFA /* ExampleUITableViewCell.swift in Sources */ = {isa = PBXBuildFile; fileRef = B0BF12F71B3427AC001A0AFA /* ExampleUITableViewCell.swift */; };
		B0BF12FA1B3429A5001A0AFA /* ExampleObject.swift in Sources */ = {isa = PBXBuildFile; fileRef = B0BF12F91B3429A5001A0AFA /* ExampleObject.swift */; };
/* End PBXBuildFile section */

/* Begin PBXContainerItemProxy section */
		B0BF12E61B34233F001A0AFA /* PBXContainerItemProxy */ = {
			isa = PBXContainerItemProxy;
			containerPortal = B0BF12C81B34233F001A0AFA /* Project object */;
			proxyType = 1;
			remoteGlobalIDString = B0BF12CF1B34233F001A0AFA;
			remoteInfo = SwiftTableViewController;
		};
/* End PBXContainerItemProxy section */

/* Begin PBXFileReference section */
		B0BDE9411B3AF467004452AF /* ExampleData.xcdatamodel */ = {isa = PBXFileReference; lastKnownFileType = wrapper.xcdatamodel; path = ExampleData.xcdatamodel; sourceTree = "<group>"; };
		B0BF12D01B34233F001A0AFA /* SwiftTableViewController.app */ = {isa = PBXFileReference; explicitFileType = wrapper.application; includeInIndex = 0; path = SwiftTableViewController.app; sourceTree = BUILT_PRODUCTS_DIR; };
		B0BF12D41B34233F001A0AFA /* Info.plist */ = {isa = PBXFileReference; lastKnownFileType = text.plist.xml; path = Info.plist; sourceTree = "<group>"; };
		B0BF12D51B34233F001A0AFA /* AppDelegate.swift */ = {isa = PBXFileReference; lastKnownFileType = sourcecode.swift; path = AppDelegate.swift; sourceTree = "<group>"; };
		B0BF12D71B34233F001A0AFA /* ViewController.swift */ = {isa = PBXFileReference; lastKnownFileType = sourcecode.swift; path = ViewController.swift; sourceTree = "<group>"; };
		B0BF12DA1B34233F001A0AFA /* Base */ = {isa = PBXFileReference; lastKnownFileType = file.storyboard; name = Base; path = Base.lproj/Main.storyboard; sourceTree = "<group>"; };
		B0BF12DC1B34233F001A0AFA /* Images.xcassets */ = {isa = PBXFileReference; lastKnownFileType = folder.assetcatalog; path = Images.xcassets; sourceTree = "<group>"; };
		B0BF12DF1B34233F001A0AFA /* Base */ = {isa = PBXFileReference; lastKnownFileType = file.xib; name = Base; path = Base.lproj/LaunchScreen.xib; sourceTree = "<group>"; };
		B0BF12E51B34233F001A0AFA /* SwiftTableViewControllerTests.xctest */ = {isa = PBXFileReference; explicitFileType = wrapper.cfbundle; includeInIndex = 0; path = SwiftTableViewControllerTests.xctest; sourceTree = BUILT_PRODUCTS_DIR; };
		B0BF12EA1B34233F001A0AFA /* Info.plist */ = {isa = PBXFileReference; lastKnownFileType = text.plist.xml; path = Info.plist; sourceTree = "<group>"; };
		B0BF12EB1B34233F001A0AFA /* SwiftTableViewControllerTests.swift */ = {isa = PBXFileReference; lastKnownFileType = sourcecode.swift; path = SwiftTableViewControllerTests.swift; sourceTree = "<group>"; };
		B0BF12F51B342376001A0AFA /* TableViewDataSource.swift */ = {isa = PBXFileReference; fileEncoding = 4; lastKnownFileType = sourcecode.swift; path = TableViewDataSource.swift; sourceTree = "<group>"; };
		B0BF12F71B3427AC001A0AFA /* ExampleUITableViewCell.swift */ = {isa = PBXFileReference; fileEncoding = 4; lastKnownFileType = sourcecode.swift; path = ExampleUITableViewCell.swift; sourceTree = "<group>"; };
		B0BF12F91B3429A5001A0AFA /* ExampleObject.swift */ = {isa = PBXFileReference; fileEncoding = 4; lastKnownFileType = sourcecode.swift; path = ExampleObject.swift; sourceTree = "<group>"; };
/* End PBXFileReference section */

/* Begin PBXFrameworksBuildPhase section */
		B0BF12CD1B34233F001A0AFA /* Frameworks */ = {
			isa = PBXFrameworksBuildPhase;
			buildActionMask = 2147483647;
			files = (
			);
			runOnlyForDeploymentPostprocessing = 0;
		};
		B0BF12E21B34233F001A0AFA /* Frameworks */ = {
			isa = PBXFrameworksBuildPhase;
			buildActionMask = 2147483647;
			files = (
			);
			runOnlyForDeploymentPostprocessing = 0;
		};
/* End PBXFrameworksBuildPhase section */

/* Begin PBXGroup section */
		B0BF12C71B34233F001A0AFA = {
			isa = PBXGroup;
			children = (
				B0BF12D21B34233F001A0AFA /* SwiftTableViewController */,
				B0BF12E81B34233F001A0AFA /* SwiftTableViewControllerTests */,
				B0BF12D11B34233F001A0AFA /* Products */,
			);
			sourceTree = "<group>";
		};
		B0BF12D11B34233F001A0AFA /* Products */ = {
			isa = PBXGroup;
			children = (
				B0BF12D01B34233F001A0AFA /* SwiftTableViewController.app */,
				B0BF12E51B34233F001A0AFA /* SwiftTableViewControllerTests.xctest */,
			);
			name = Products;
			sourceTree = "<group>";
		};
		B0BF12D21B34233F001A0AFA /* SwiftTableViewController */ = {
			isa = PBXGroup;
			children = (
				B0BF12D51B34233F001A0AFA /* AppDelegate.swift */,
				B0BF12D71B34233F001A0AFA /* ViewController.swift */,
				B0BF12F51B342376001A0AFA /* TableViewDataSource.swift */,
				B0BF12F71B3427AC001A0AFA /* ExampleUITableViewCell.swift */,
				B0BF12F91B3429A5001A0AFA /* ExampleObject.swift */,
				B0BF12D91B34233F001A0AFA /* Main.storyboard */,
				B0BF12DC1B34233F001A0AFA /* Images.xcassets */,
				B0BF12DE1B34233F001A0AFA /* LaunchScreen.xib */,
				B0BF12D31B34233F001A0AFA /* Supporting Files */,
				B0BDE9401B3AF467004452AF /* ExampleData.xcdatamodeld */,
			);
			path = SwiftTableViewController;
			sourceTree = "<group>";
		};
		B0BF12D31B34233F001A0AFA /* Supporting Files */ = {
			isa = PBXGroup;
			children = (
				B0BF12D41B34233F001A0AFA /* Info.plist */,
			);
			name = "Supporting Files";
			sourceTree = "<group>";
		};
		B0BF12E81B34233F001A0AFA /* SwiftTableViewControllerTests */ = {
			isa = PBXGroup;
			children = (
				B0BF12EB1B34233F001A0AFA /* SwiftTableViewControllerTests.swift */,
				B0BF12E91B34233F001A0AFA /* Supporting Files */,
			);
			path = SwiftTableViewControllerTests;
			sourceTree = "<group>";
		};
		B0BF12E91B34233F001A0AFA /* Supporting Files */ = {
			isa = PBXGroup;
			children = (
				B0BF12EA1B34233F001A0AFA /* Info.plist */,
			);
			name = "Supporting Files";
			sourceTree = "<group>";
		};
/* End PBXGroup section */

/* Begin PBXNativeTarget section */
		B0BF12CF1B34233F001A0AFA /* SwiftTableViewController */ = {
			isa = PBXNativeTarget;
			buildConfigurationList = B0BF12EF1B34233F001A0AFA /* Build configuration list for PBXNativeTarget "SwiftTableViewController" */;
			buildPhases = (
				B0BF12CC1B34233F001A0AFA /* Sources */,
				B0BF12CD1B34233F001A0AFA /* Frameworks */,
				B0BF12CE1B34233F001A0AFA /* Resources */,
			);
			buildRules = (
			);
			dependencies = (
			);
			name = SwiftTableViewController;
			productName = SwiftTableViewController;
			productReference = B0BF12D01B34233F001A0AFA /* SwiftTableViewController.app */;
			productType = "com.apple.product-type.application";
		};
		B0BF12E41B34233F001A0AFA /* SwiftTableViewControllerTests */ = {
			isa = PBXNativeTarget;
			buildConfigurationList = B0BF12F21B34233F001A0AFA /* Build configuration list for PBXNativeTarget "SwiftTableViewControllerTests" */;
			buildPhases = (
				B0BF12E11B34233F001A0AFA /* Sources */,
				B0BF12E21B34233F001A0AFA /* Frameworks */,
				B0BF12E31B34233F001A0AFA /* Resources */,
			);
			buildRules = (
			);
			dependencies = (
				B0BF12E71B34233F001A0AFA /* PBXTargetDependency */,
			);
			name = SwiftTableViewControllerTests;
			productName = SwiftTableViewControllerTests;
			productReference = B0BF12E51B34233F001A0AFA /* SwiftTableViewControllerTests.xctest */;
			productType = "com.apple.product-type.bundle.unit-test";
		};
/* End PBXNativeTarget section */

/* Begin PBXProject section */
		B0BF12C81B34233F001A0AFA /* Project object */ = {
			isa = PBXProject;
			attributes = {
				LastUpgradeCheck = 0630;
				ORGANIZATIONNAME = "Harry Bloom";
				TargetAttributes = {
					B0BF12CF1B34233F001A0AFA = {
						CreatedOnToolsVersion = 6.3.1;
					};
					B0BF12E41B34233F001A0AFA = {
						CreatedOnToolsVersion = 6.3.1;
						TestTargetID = B0BF12CF1B34233F001A0AFA;
					};
				};
			};
			buildConfigurationList = B0BF12CB1B34233F001A0AFA /* Build configuration list for PBXProject "SwiftTableViewController" */;
			compatibilityVersion = "Xcode 3.2";
			developmentRegion = English;
			hasScannedForEncodings = 0;
			knownRegions = (
				en,
				Base,
			);
			mainGroup = B0BF12C71B34233F001A0AFA;
			productRefGroup = B0BF12D11B34233F001A0AFA /* Products */;
			projectDirPath = "";
			projectRoot = "";
			targets = (
				B0BF12CF1B34233F001A0AFA /* SwiftTableViewController */,
				B0BF12E41B34233F001A0AFA /* SwiftTableViewControllerTests */,
			);
		};
/* End PBXProject section */

/* Begin PBXResourcesBuildPhase section */
		B0BF12CE1B34233F001A0AFA /* Resources */ = {
			isa = PBXResourcesBuildPhase;
			buildActionMask = 2147483647;
			files = (
				B0BF12DB1B34233F001A0AFA /* Main.storyboard in Resources */,
				B0BF12E01B34233F001A0AFA /* LaunchScreen.xib in Resources */,
				B0BF12DD1B34233F001A0AFA /* Images.xcassets in Resources */,
			);
			runOnlyForDeploymentPostprocessing = 0;
		};
		B0BF12E31B34233F001A0AFA /* Resources */ = {
			isa = PBXResourcesBuildPhase;
			buildActionMask = 2147483647;
			files = (
			);
			runOnlyForDeploymentPostprocessing = 0;
		};
/* End PBXResourcesBuildPhase section */

/* Begin PBXSourcesBuildPhase section */
		B0BF12CC1B34233F001A0AFA /* Sources */ = {
			isa = PBXSourcesBuildPhase;
			buildActionMask = 2147483647;
			files = (
				B0BF12F61B342376001A0AFA /* TableViewDataSource.swift in Sources */,
				B0BF12D81B34233F001A0AFA /* ViewController.swift in Sources */,
				B0BF12F81B3427AC001A0AFA /* ExampleUITableViewCell.swift in Sources */,
				B0BF12FA1B3429A5001A0AFA /* ExampleObject.swift in Sources */,
				B0BDE9421B3AF467004452AF /* ExampleData.xcdatamodeld in Sources */,
				B0BF12D61B34233F001A0AFA /* AppDelegate.swift in Sources */,
			);
			runOnlyForDeploymentPostprocessing = 0;
		};
		B0BF12E11B34233F001A0AFA /* Sources */ = {
			isa = PBXSourcesBuildPhase;
			buildActionMask = 2147483647;
			files = (
				B0BF12EC1B34233F001A0AFA /* SwiftTableViewControllerTests.swift in Sources */,
			);
			runOnlyForDeploymentPostprocessing = 0;
		};
/* End PBXSourcesBuildPhase section */

/* Begin PBXTargetDependency section */
		B0BF12E71B34233F001A0AFA /* PBXTargetDependency */ = {
			isa = PBXTargetDependency;
			target = B0BF12CF1B34233F001A0AFA /* SwiftTableViewController */;
			targetProxy = B0BF12E61B34233F001A0AFA /* PBXContainerItemProxy */;
		};
/* End PBXTargetDependency section */

/* Begin PBXVariantGroup section */
		B0BF12D91B34233F001A0AFA /* Main.storyboard */ = {
			isa = PBXVariantGroup;
			children = (
				B0BF12DA1B34233F001A0AFA /* Base */,
			);
			name = Main.storyboard;
			sourceTree = "<group>";
		};
		B0BF12DE1B34233F001A0AFA /* LaunchScreen.xib */ = {
			isa = PBXVariantGroup;
			children = (
				B0BF12DF1B34233F001A0AFA /* Base */,
			);
			name = LaunchScreen.xib;
			sourceTree = "<group>";
		};
/* End PBXVariantGroup section */

/* Begin XCBuildConfiguration section */
		B0BF12ED1B34233F001A0AFA /* Debug */ = {
			isa = XCBuildConfiguration;
			buildSettings = {
				ALWAYS_SEARCH_USER_PATHS = NO;
				CLANG_CXX_LANGUAGE_STANDARD = "gnu++0x";
				CLANG_CXX_LIBRARY = "libc++";
				CLANG_ENABLE_MODULES = YES;
				CLANG_ENABLE_OBJC_ARC = YES;
				CLANG_WARN_BOOL_CONVERSION = YES;
				CLANG_WARN_CONSTANT_CONVERSION = YES;
				CLANG_WARN_DIRECT_OBJC_ISA_USAGE = YES_ERROR;
				CLANG_WARN_EMPTY_BODY = YES;
				CLANG_WARN_ENUM_CONVERSION = YES;
				CLANG_WARN_INT_CONVERSION = YES;
				CLANG_WARN_OBJC_ROOT_CLASS = YES_ERROR;
				CLANG_WARN_UNREACHABLE_CODE = YES;
				CLANG_WARN__DUPLICATE_METHOD_MATCH = YES;
				"CODE_SIGN_IDENTITY[sdk=iphoneos*]" = "iPhone Developer";
				COPY_PHASE_STRIP = NO;
				DEBUG_INFORMATION_FORMAT = "dwarf-with-dsym";
				ENABLE_STRICT_OBJC_MSGSEND = YES;
				GCC_C_LANGUAGE_STANDARD = gnu99;
				GCC_DYNAMIC_NO_PIC = NO;
				GCC_NO_COMMON_BLOCKS = YES;
				GCC_OPTIMIZATION_LEVEL = 0;
				GCC_PREPROCESSOR_DEFINITIONS = (
					"DEBUG=1",
					"$(inherited)",
				);
				GCC_SYMBOLS_PRIVATE_EXTERN = NO;
				GCC_WARN_64_TO_32_BIT_CONVERSION = YES;
				GCC_WARN_ABOUT_RETURN_TYPE = YES_ERROR;
				GCC_WARN_UNDECLARED_SELECTOR = YES;
				GCC_WARN_UNINITIALIZED_AUTOS = YES_AGGRESSIVE;
				GCC_WARN_UNUSED_FUNCTION = YES;
				GCC_WARN_UNUSED_VARIABLE = YES;
				IPHONEOS_DEPLOYMENT_TARGET = 8.3;
				MTL_ENABLE_DEBUG_INFO = YES;
				ONLY_ACTIVE_ARCH = YES;
				SDKROOT = iphoneos;
				SWIFT_OPTIMIZATION_LEVEL = "-Onone";
			};
			name = Debug;
		};
		B0BF12EE1B34233F001A0AFA /* Release */ = {
			isa = XCBuildConfiguration;
			buildSettings = {
				ALWAYS_SEARCH_USER_PATHS = NO;
				CLANG_CXX_LANGUAGE_STANDARD = "gnu++0x";
				CLANG_CXX_LIBRARY = "libc++";
				CLANG_ENABLE_MODULES = YES;
				CLANG_ENABLE_OBJC_ARC = YES;
				CLANG_WARN_BOOL_CONVERSION = YES;
				CLANG_WARN_CONSTANT_CONVERSION = YES;
				CLANG_WARN_DIRECT_OBJC_ISA_USAGE = YES_ERROR;
				CLANG_WARN_EMPTY_BODY = YES;
				CLANG_WARN_ENUM_CONVERSION = YES;
				CLANG_WARN_INT_CONVERSION = YES;
				CLANG_WARN_OBJC_ROOT_CLASS = YES_ERROR;
				CLANG_WARN_UNREACHABLE_CODE = YES;
				CLANG_WARN__DUPLICATE_METHOD_MATCH = YES;
				"CODE_SIGN_IDENTITY[sdk=iphoneos*]" = "iPhone Developer";
				COPY_PHASE_STRIP = NO;
				DEBUG_INFORMATION_FORMAT = "dwarf-with-dsym";
				ENABLE_NS_ASSERTIONS = NO;
				ENABLE_STRICT_OBJC_MSGSEND = YES;
				GCC_C_LANGUAGE_STANDARD = gnu99;
				GCC_NO_COMMON_BLOCKS = YES;
				GCC_WARN_64_TO_32_BIT_CONVERSION = YES;
				GCC_WARN_ABOUT_RETURN_TYPE = YES_ERROR;
				GCC_WARN_UNDECLARED_SELECTOR = YES;
				GCC_WARN_UNINITIALIZED_AUTOS = YES_AGGRESSIVE;
				GCC_WARN_UNUSED_FUNCTION = YES;
				GCC_WARN_UNUSED_VARIABLE = YES;
				IPHONEOS_DEPLOYMENT_TARGET = 8.3;
				MTL_ENABLE_DEBUG_INFO = NO;
				SDKROOT = iphoneos;
				VALIDATE_PRODUCT = YES;
			};
			name = Release;
		};
		B0BF12F01B34233F001A0AFA /* Debug */ = {
			isa = XCBuildConfiguration;
			buildSettings = {
				ASSETCATALOG_COMPILER_APPICON_NAME = AppIcon;
				INFOPLIST_FILE = SwiftTableViewController/Info.plist;
				LD_RUNPATH_SEARCH_PATHS = "$(inherited) @executable_path/Frameworks";
				PRODUCT_NAME = "$(TARGET_NAME)";
			};
			name = Debug;
		};
		B0BF12F11B34233F001A0AFA /* Release */ = {
			isa = XCBuildConfiguration;
			buildSettings = {
				ASSETCATALOG_COMPILER_APPICON_NAME = AppIcon;
				INFOPLIST_FILE = SwiftTableViewController/Info.plist;
				LD_RUNPATH_SEARCH_PATHS = "$(inherited) @executable_path/Frameworks";
				PRODUCT_NAME = "$(TARGET_NAME)";
			};
			name = Release;
		};
		B0BF12F31B34233F001A0AFA /* Debug */ = {
			isa = XCBuildConfiguration;
			buildSettings = {
				BUNDLE_LOADER = "$(TEST_HOST)";
				FRAMEWORK_SEARCH_PATHS = (
					"$(SDKROOT)/Developer/Library/Frameworks",
					"$(inherited)",
				);
				GCC_PREPROCESSOR_DEFINITIONS = (
					"DEBUG=1",
					"$(inherited)",
				);
				INFOPLIST_FILE = SwiftTableViewControllerTests/Info.plist;
				LD_RUNPATH_SEARCH_PATHS = "$(inherited) @executable_path/Frameworks @loader_path/Frameworks";
				PRODUCT_NAME = "$(TARGET_NAME)";
				TEST_HOST = "$(BUILT_PRODUCTS_DIR)/SwiftTableViewController.app/SwiftTableViewController";
			};
			name = Debug;
		};
		B0BF12F41B34233F001A0AFA /* Release */ = {
			isa = XCBuildConfiguration;
			buildSettings = {
				BUNDLE_LOADER = "$(TEST_HOST)";
				FRAMEWORK_SEARCH_PATHS = (
					"$(SDKROOT)/Developer/Library/Frameworks",
					"$(inherited)",
				);
				INFOPLIST_FILE = SwiftTableViewControllerTests/Info.plist;
				LD_RUNPATH_SEARCH_PATHS = "$(inherited) @executable_path/Frameworks @loader_path/Frameworks";
				PRODUCT_NAME = "$(TARGET_NAME)";
				TEST_HOST = "$(BUILT_PRODUCTS_DIR)/SwiftTableViewController.app/SwiftTableViewController";
			};
			name = Release;
		};
/* End XCBuildConfiguration section */

/* Begin XCConfigurationList section */
		B0BF12CB1B34233F001A0AFA /* Build configuration list for PBXProject "SwiftTableViewController" */ = {
			isa = XCConfigurationList;
			buildConfigurations = (
				B0BF12ED1B34233F001A0AFA /* Debug */,
				B0BF12EE1B34233F001A0AFA /* Release */,
			);
			defaultConfigurationIsVisible = 0;
			defaultConfigurationName = Release;
		};
		B0BF12EF1B34233F001A0AFA /* Build configuration list for PBXNativeTarget "SwiftTableViewController" */ = {
			isa = XCConfigurationList;
			buildConfigurations = (
				B0BF12F01B34233F001A0AFA /* Debug */,
				B0BF12F11B34233F001A0AFA /* Release */,
			);
			defaultConfigurationIsVisible = 0;
			defaultConfigurationName = Release;
		};
		B0BF12F21B34233F001A0AFA /* Build configuration list for PBXNativeTarget "SwiftTableViewControllerTests" */ = {
			isa = XCConfigurationList;
			buildConfigurations = (
				B0BF12F31B34233F001A0AFA /* Debug */,
				B0BF12F41B34233F001A0AFA /* Release */,
			);
			defaultConfigurationIsVisible = 0;
			defaultConfigurationName = Release;
		};
/* End XCConfigurationList section */

/* Begin XCVersionGroup section */
		B0BDE9401B3AF467004452AF /* ExampleData.xcdatamodeld */ = {
			isa = XCVersionGroup;
			children = (
				B0BDE9411B3AF467004452AF /* ExampleData.xcdatamodel */,
			);
			currentVersion = B0BDE9411B3AF467004452AF /* ExampleData.xcdatamodel */;
			path = ExampleData.xcdatamodeld;
			sourceTree = "<group>";
			versionGroupType = wrapper.xcdatamodel;
		};
/* End XCVersionGroup section */
	};
	rootObject = B0BF12C81B34233F001A0AFA /* Project object */;
}
